
Microsoft Visual Studio Solution File, Format Version 12.00
# Visual Studio Version 16
VisualStudioVersion = 16.0.32126.315
MinimumVisualStudioVersion = 10.0.40219.1
Project("{FAE04EC0-301F-11D3-BF4B-00C04F79EFBC}") = "ProductReviewManagement", "ProductReviewManagement\ProductReviewManagement.csproj", "{D0899CED-24B5-4DCC-89A6-229FFE2D8AF9}"
EndProject
Global
	GlobalSection(SolutionConfigurationPlatforms) = preSolution
		Debug|Any CPU = Debug|Any CPU
		Release|Any CPU = Release|Any CPU
	EndGlobalSection
	GlobalSection(ProjectConfigurationPlatforms) = postSolution
		{D0899CED-24B5-4DCC-89A6-229FFE2D8AF9}.Debug|Any CPU.ActiveCfg = Debug|Any CPU
		{D0899CED-24B5-4DCC-89A6-229FFE2D8AF9}.Debug|Any CPU.Build.0 = Debug|Any CPU
		{D0899CED-24B5-4DCC-89A6-229FFE2D8AF9}.Release|Any CPU.ActiveCfg = Release|Any CPU
		{D0899CED-24B5-4DCC-89A6-229FFE2D8AF9}.Release|Any CPU.Build.0 = Release|Any CPU
	EndGlobalSection
	GlobalSection(SolutionProperties) = preSolution
		HideSolutionNode = FALSE
	EndGlobalSection
	GlobalSection(ExtensibilityGlobals) = postSolution
		SolutionGuid = {9DAA131D-7470-4D0F-970E-E5F1DC5C3D5B}
	EndGlobalSection
EndGlobal
